// !$*UTF8*$!
{
	archiveVersion = 1;
	classes = {
	};
	objectVersion = 56;
	objects = {

/* Begin PBXBuildFile section */
		A100A80F291843CF002FD41F /* ShoppingListViewController.swift in Sources */ = {isa = PBXBuildFile; fileRef = A100A80E291843CF002FD41F /* ShoppingListViewController.swift */; };
		A100A81129184421002FD41F /* IdeasViewController.swift in Sources */ = {isa = PBXBuildFile; fileRef = A100A81029184421002FD41F /* IdeasViewController.swift */; };
		A100A8132918444D002FD41F /* QuotesViewController.swift in Sources */ = {isa = PBXBuildFile; fileRef = A100A8122918444D002FD41F /* QuotesViewController.swift */; };
		A11E356F291D7A3400691E31 /* ShopListNote.swift in Sources */ = {isa = PBXBuildFile; fileRef = A11E356E291D7A3400691E31 /* ShopListNote.swift */; };
		A128CEB9291BC531000A61A8 /* TodayNote.swift in Sources */ = {isa = PBXBuildFile; fileRef = A128CEB8291BC531000A61A8 /* TodayNote.swift */; };
		A159950629128E9100A8604D /* AppDelegate.swift in Sources */ = {isa = PBXBuildFile; fileRef = A159950529128E9100A8604D /* AppDelegate.swift */; };
		A159950A29128E9100A8604D /* ViewController.swift in Sources */ = {isa = PBXBuildFile; fileRef = A159950929128E9100A8604D /* ViewController.swift */; };
		A159951029128E9100A8604D /* notes.xcdatamodeld in Sources */ = {isa = PBXBuildFile; fileRef = A159950E29128E9100A8604D /* notes.xcdatamodeld */; };
		A159951229128E9200A8604D /* Assets.xcassets in Resources */ = {isa = PBXBuildFile; fileRef = A159951129128E9200A8604D /* Assets.xcassets */; };
		A159951529128E9200A8604D /* LaunchScreen.storyboard in Resources */ = {isa = PBXBuildFile; fileRef = A159951329128E9200A8604D /* LaunchScreen.storyboard */; };
		A15AEDB7291591F1007C5555 /* TodayViewController.swift in Sources */ = {isa = PBXBuildFile; fileRef = A15AEDB6291591F1007C5555 /* TodayViewController.swift */; };
		A1EE74E8291AA6C300A39B5D /* NoteEditViewController.swift in Sources */ = {isa = PBXBuildFile; fileRef = A1EE74E7291AA6C300A39B5D /* NoteEditViewController.swift */; };
		A1EE74EA291AC4E600A39B5D /* AppConstants.swift in Sources */ = {isa = PBXBuildFile; fileRef = A1EE74E9291AC4E600A39B5D /* AppConstants.swift */; };
/* End PBXBuildFile section */

/* Begin PBXFileReference section */
		A100A80E291843CF002FD41F /* ShoppingListViewController.swift */ = {isa = PBXFileReference; lastKnownFileType = sourcecode.swift; path = ShoppingListViewController.swift; sourceTree = "<group>"; };
		A100A81029184421002FD41F /* IdeasViewController.swift */ = {isa = PBXFileReference; lastKnownFileType = sourcecode.swift; path = IdeasViewController.swift; sourceTree = "<group>"; };
		A100A8122918444D002FD41F /* QuotesViewController.swift */ = {isa = PBXFileReference; lastKnownFileType = sourcecode.swift; path = QuotesViewController.swift; sourceTree = "<group>"; };
		A11E356E291D7A3400691E31 /* ShopListNote.swift */ = {isa = PBXFileReference; lastKnownFileType = sourcecode.swift; path = ShopListNote.swift; sourceTree = "<group>"; };
		A128CEB8291BC531000A61A8 /* TodayNote.swift */ = {isa = PBXFileReference; lastKnownFileType = sourcecode.swift; path = TodayNote.swift; sourceTree = "<group>"; };
		A159950229128E9100A8604D /* notes.app */ = {isa = PBXFileReference; explicitFileType = wrapper.application; includeInIndex = 0; path = notes.app; sourceTree = BUILT_PRODUCTS_DIR; };
		A159950529128E9100A8604D /* AppDelegate.swift */ = {isa = PBXFileReference; lastKnownFileType = sourcecode.swift; path = AppDelegate.swift; sourceTree = "<group>"; };
		A159950929128E9100A8604D /* ViewController.swift */ = {isa = PBXFileReference; lastKnownFileType = sourcecode.swift; path = ViewController.swift; sourceTree = "<group>"; };
		A159950F29128E9100A8604D /* notes.xcdatamodel */ = {isa = PBXFileReference; lastKnownFileType = wrapper.xcdatamodel; path = notes.xcdatamodel; sourceTree = "<group>"; };
		A159951129128E9200A8604D /* Assets.xcassets */ = {isa = PBXFileReference; lastKnownFileType = folder.assetcatalog; path = Assets.xcassets; sourceTree = "<group>"; };
		A159951429128E9200A8604D /* Base */ = {isa = PBXFileReference; lastKnownFileType = file.storyboard; name = Base; path = Base.lproj/LaunchScreen.storyboard; sourceTree = "<group>"; };
		A159951629128E9200A8604D /* Info.plist */ = {isa = PBXFileReference; lastKnownFileType = text.plist.xml; path = Info.plist; sourceTree = "<group>"; };
		A15AEDB6291591F1007C5555 /* TodayViewController.swift */ = {isa = PBXFileReference; lastKnownFileType = sourcecode.swift; path = TodayViewController.swift; sourceTree = "<group>"; };
		A1EE74E7291AA6C300A39B5D /* NoteEditViewController.swift */ = {isa = PBXFileReference; lastKnownFileType = sourcecode.swift; path = NoteEditViewController.swift; sourceTree = "<group>"; };
		A1EE74E9291AC4E600A39B5D /* AppConstants.swift */ = {isa = PBXFileReference; lastKnownFileType = sourcecode.swift; path = AppConstants.swift; sourceTree = "<group>"; };
/* End PBXFileReference section */

/* Begin PBXFrameworksBuildPhase section */
		A15994FF29128E9100A8604D /* Frameworks */ = {
			isa = PBXFrameworksBuildPhase;
			buildActionMask = 2147483647;
			files = (
			);
			runOnlyForDeploymentPostprocessing = 0;
		};
/* End PBXFrameworksBuildPhase section */

/* Begin PBXGroup section */
		A11E3570291D7D8400691E31 /* Managed Objects */ = {
			isa = PBXGroup;
			children = (
				A128CEB8291BC531000A61A8 /* TodayNote.swift */,
				A11E356E291D7A3400691E31 /* ShopListNote.swift */,
			);
			path = "Managed Objects";
			sourceTree = "<group>";
		};
		A128CEB7291BC4B4000A61A8 /* View Controllers */ = {
			isa = PBXGroup;
			children = (
				A159950929128E9100A8604D /* ViewController.swift */,
				A1EE74E7291AA6C300A39B5D /* NoteEditViewController.swift */,
				A100A80E291843CF002FD41F /* ShoppingListViewController.swift */,
				A100A81029184421002FD41F /* IdeasViewController.swift */,
				A100A8122918444D002FD41F /* QuotesViewController.swift */,
				A15AEDB6291591F1007C5555 /* TodayViewController.swift */,
			);
			path = "View Controllers";
			sourceTree = "<group>";
		};
		A15994F929128E9100A8604D = {
			isa = PBXGroup;
			children = (
				A159950429128E9100A8604D /* notes */,
				A159950329128E9100A8604D /* Products */,
			);
			sourceTree = "<group>";
		};
		A159950329128E9100A8604D /* Products */ = {
			isa = PBXGroup;
			children = (
				A159950229128E9100A8604D /* notes.app */,
			);
			name = Products;
			sourceTree = "<group>";
		};
		A159950429128E9100A8604D /* notes */ = {
			isa = PBXGroup;
			children = (
				A159950529128E9100A8604D /* AppDelegate.swift */,
				A128CEB7291BC4B4000A61A8 /* View Controllers */,
				A1EE74E9291AC4E600A39B5D /* AppConstants.swift */,
				A11E3570291D7D8400691E31 /* Managed Objects */,
				A159951129128E9200A8604D /* Assets.xcassets */,
				A159951329128E9200A8604D /* LaunchScreen.storyboard */,
				A159951629128E9200A8604D /* Info.plist */,
				A159950E29128E9100A8604D /* notes.xcdatamodeld */,
			);
			path = notes;
			sourceTree = "<group>";
		};
/* End PBXGroup section */

/* Begin PBXNativeTarget section */
		A159950129128E9100A8604D /* notes */ = {
			isa = PBXNativeTarget;
			buildConfigurationList = A159951929128E9200A8604D /* Build configuration list for PBXNativeTarget "notes" */;
			buildPhases = (
				A15994FE29128E9100A8604D /* Sources */,
				A15994FF29128E9100A8604D /* Frameworks */,
				A159950029128E9100A8604D /* Resources */,
			);
			buildRules = (
			);
			dependencies = (
			);
			name = notes;
			productName = notes;
			productReference = A159950229128E9100A8604D /* notes.app */;
			productType = "com.apple.product-type.application";
		};
/* End PBXNativeTarget section */

/* Begin PBXProject section */
		A15994FA29128E9100A8604D /* Project object */ = {
			isa = PBXProject;
			attributes = {
				BuildIndependentTargetsInParallel = 1;
				LastSwiftUpdateCheck = 1400;
				LastUpgradeCheck = 1400;
				TargetAttributes = {
					A159950129128E9100A8604D = {
						CreatedOnToolsVersion = 14.0;
					};
				};
			};
			buildConfigurationList = A15994FD29128E9100A8604D /* Build configuration list for PBXProject "notes" */;
			compatibilityVersion = "Xcode 14.0";
			developmentRegion = en;
			hasScannedForEncodings = 0;
			knownRegions = (
				en,
				Base,
			);
			mainGroup = A15994F929128E9100A8604D;
			productRefGroup = A159950329128E9100A8604D /* Products */;
			projectDirPath = "";
			projectRoot = "";
			targets = (
				A159950129128E9100A8604D /* notes */,
			);
		};
/* End PBXProject section */

/* Begin PBXResourcesBuildPhase section */
		A159950029128E9100A8604D /* Resources */ = {
			isa = PBXResourcesBuildPhase;
			buildActionMask = 2147483647;
			files = (
				A159951529128E9200A8604D /* LaunchScreen.storyboard in Resources */,
				A159951229128E9200A8604D /* Assets.xcassets in Resources */,
			);
			runOnlyForDeploymentPostprocessing = 0;
		};
/* End PBXResourcesBuildPhase section */

/* Begin PBXSourcesBuildPhase section */
		A15994FE29128E9100A8604D /* Sources */ = {
			isa = PBXSourcesBuildPhase;
			buildActionMask = 2147483647;
			files = (
				A15AEDB7291591F1007C5555 /* TodayViewController.swift in Sources */,
				A1EE74EA291AC4E600A39B5D /* AppConstants.swift in Sources */,
				A100A81129184421002FD41F /* IdeasViewController.swift in Sources */,
				A11E356F291D7A3400691E31 /* ShopListNote.swift in Sources */,
				A1EE74E8291AA6C300A39B5D /* NoteEditViewController.swift in Sources */,
				A159950A29128E9100A8604D /* ViewController.swift in Sources */,
				A128CEB9291BC531000A61A8 /* TodayNote.swift in Sources */,
				A100A80F291843CF002FD41F /* ShoppingListViewController.swift in Sources */,
				A159950629128E9100A8604D /* AppDelegate.swift in Sources */,
				A159951029128E9100A8604D /* notes.xcdatamodeld in Sources */,
				A100A8132918444D002FD41F /* QuotesViewController.swift in Sources */,
			);
			runOnlyForDeploymentPostprocessing = 0;
		};
/* End PBXSourcesBuildPhase section */

/* Begin PBXVariantGroup section */
		A159951329128E9200A8604D /* LaunchScreen.storyboard */ = {
			isa = PBXVariantGroup;
			children = (
				A159951429128E9200A8604D /* Base */,
			);
			name = LaunchScreen.storyboard;
			sourceTree = "<group>";
		};
/* End PBXVariantGroup section */

/* Begin XCBuildConfiguration section */
		A159951729128E9200A8604D /* Debug */ = {
			isa = XCBuildConfiguration;
			buildSettings = {
				ALWAYS_SEARCH_USER_PATHS = NO;
				CLANG_ANALYZER_NONNULL = YES;
				CLANG_ANALYZER_NUMBER_OBJECT_CONVERSION = YES_AGGRESSIVE;
				CLANG_CXX_LANGUAGE_STANDARD = "gnu++20";
				CLANG_ENABLE_MODULES = YES;
				CLANG_ENABLE_OBJC_ARC = YES;
				CLANG_ENABLE_OBJC_WEAK = YES;
				CLANG_WARN_BLOCK_CAPTURE_AUTORELEASING = YES;
				CLANG_WARN_BOOL_CONVERSION = YES;
				CLANG_WARN_COMMA = YES;
				CLANG_WARN_CONSTANT_CONVERSION = YES;
				CLANG_WARN_DEPRECATED_OBJC_IMPLEMENTATIONS = YES;
				CLANG_WARN_DIRECT_OBJC_ISA_USAGE = YES_ERROR;
				CLANG_WARN_DOCUMENTATION_COMMENTS = YES;
				CLANG_WARN_EMPTY_BODY = YES;
				CLANG_WARN_ENUM_CONVERSION = YES;
				CLANG_WARN_INFINITE_RECURSION = YES;
				CLANG_WARN_INT_CONVERSION = YES;
				CLANG_WARN_NON_LITERAL_NULL_CONVERSION = YES;
				CLANG_WARN_OBJC_IMPLICIT_RETAIN_SELF = YES;
				CLANG_WARN_OBJC_LITERAL_CONVERSION = YES;
				CLANG_WARN_OBJC_ROOT_CLASS = YES_ERROR;
				CLANG_WARN_QUOTED_INCLUDE_IN_FRAMEWORK_HEADER = YES;
				CLANG_WARN_RANGE_LOOP_ANALYSIS = YES;
				CLANG_WARN_STRICT_PROTOTYPES = YES;
				CLANG_WARN_SUSPICIOUS_MOVE = YES;
				CLANG_WARN_UNGUARDED_AVAILABILITY = YES_AGGRESSIVE;
				CLANG_WARN_UNREACHABLE_CODE = YES;
				CLANG_WARN__DUPLICATE_METHOD_MATCH = YES;
				COPY_PHASE_STRIP = NO;
				DEBUG_INFORMATION_FORMAT = dwarf;
				ENABLE_STRICT_OBJC_MSGSEND = YES;
				ENABLE_TESTABILITY = YES;
				GCC_C_LANGUAGE_STANDARD = gnu11;
				GCC_DYNAMIC_NO_PIC = NO;
				GCC_NO_COMMON_BLOCKS = YES;
				GCC_OPTIMIZATION_LEVEL = 0;
				GCC_PREPROCESSOR_DEFINITIONS = (
					"DEBUG=1",
					"$(inherited)",
				);
				GCC_WARN_64_TO_32_BIT_CONVERSION = YES;
				GCC_WARN_ABOUT_RETURN_TYPE = YES_ERROR;
				GCC_WARN_UNDECLARED_SELECTOR = YES;
				GCC_WARN_UNINITIALIZED_AUTOS = YES_AGGRESSIVE;
				GCC_WARN_UNUSED_FUNCTION = YES;
				GCC_WARN_UNUSED_VARIABLE = YES;
				IPHONEOS_DEPLOYMENT_TARGET = 16.0;
				MTL_ENABLE_DEBUG_INFO = INCLUDE_SOURCE;
				MTL_FAST_MATH = YES;
				ONLY_ACTIVE_ARCH = YES;
				SDKROOT = iphoneos;
				SWIFT_ACTIVE_COMPILATION_CONDITIONS = DEBUG;
				SWIFT_OPTIMIZATION_LEVEL = "-Onone";
			};
			name = Debug;
		};
		A159951829128E9200A8604D /* Release */ = {
			isa = XCBuildConfiguration;
			buildSettings = {
				ALWAYS_SEARCH_USER_PATHS = NO;
				CLANG_ANALYZER_NONNULL = YES;
				CLANG_ANALYZER_NUMBER_OBJECT_CONVERSION = YES_AGGRESSIVE;
				CLANG_CXX_LANGUAGE_STANDARD = "gnu++20";
				CLANG_ENABLE_MODULES = YES;
				CLANG_ENABLE_OBJC_ARC = YES;
				CLANG_ENABLE_OBJC_WEAK = YES;
				CLANG_WARN_BLOCK_CAPTURE_AUTORELEASING = YES;
				CLANG_WARN_BOOL_CONVERSION = YES;
				CLANG_WARN_COMMA = YES;
				CLANG_WARN_CONSTANT_CONVERSION = YES;
				CLANG_WARN_DEPRECATED_OBJC_IMPLEMENTATIONS = YES;
				CLANG_WARN_DIRECT_OBJC_ISA_USAGE = YES_ERROR;
				CLANG_WARN_DOCUMENTATION_COMMENTS = YES;
				CLANG_WARN_EMPTY_BODY = YES;
				CLANG_WARN_ENUM_CONVERSION = YES;
				CLANG_WARN_INFINITE_RECURSION = YES;
				CLANG_WARN_INT_CONVERSION = YES;
				CLANG_WARN_NON_LITERAL_NULL_CONVERSION = YES;
				CLANG_WARN_OBJC_IMPLICIT_RETAIN_SELF = YES;
				CLANG_WARN_OBJC_LITERAL_CONVERSION = YES;
				CLANG_WARN_OBJC_ROOT_CLASS = YES_ERROR;
				CLANG_WARN_QUOTED_INCLUDE_IN_FRAMEWORK_HEADER = YES;
				CLANG_WARN_RANGE_LOOP_ANALYSIS = YES;
				CLANG_WARN_STRICT_PROTOTYPES = YES;
				CLANG_WARN_SUSPICIOUS_MOVE = YES;
				CLANG_WARN_UNGUARDED_AVAILABILITY = YES_AGGRESSIVE;
				CLANG_WARN_UNREACHABLE_CODE = YES;
				CLANG_WARN__DUPLICATE_METHOD_MATCH = YES;
				COPY_PHASE_STRIP = NO;
				DEBUG_INFORMATION_FORMAT = "dwarf-with-dsym";
				ENABLE_NS_ASSERTIONS = NO;
				ENABLE_STRICT_OBJC_MSGSEND = YES;
				GCC_C_LANGUAGE_STANDARD = gnu11;
				GCC_NO_COMMON_BLOCKS = YES;
				GCC_WARN_64_TO_32_BIT_CONVERSION = YES;
				GCC_WARN_ABOUT_RETURN_TYPE = YES_ERROR;
				GCC_WARN_UNDECLARED_SELECTOR = YES;
				GCC_WARN_UNINITIALIZED_AUTOS = YES_AGGRESSIVE;
				GCC_WARN_UNUSED_FUNCTION = YES;
				GCC_WARN_UNUSED_VARIABLE = YES;
				IPHONEOS_DEPLOYMENT_TARGET = 16.0;
				MTL_ENABLE_DEBUG_INFO = NO;
				MTL_FAST_MATH = YES;
				SDKROOT = iphoneos;
				SWIFT_COMPILATION_MODE = wholemodule;
				SWIFT_OPTIMIZATION_LEVEL = "-O";
				VALIDATE_PRODUCT = YES;
			};
			name = Release;
		};
		A159951A29128E9200A8604D /* Debug */ = {
			isa = XCBuildConfiguration;
			buildSettings = {
				ASSETCATALOG_COMPILER_APPICON_NAME = AppIcon;
				ASSETCATALOG_COMPILER_GLOBAL_ACCENT_COLOR_NAME = AccentColor;
				CODE_SIGN_STYLE = Automatic;
				CURRENT_PROJECT_VERSION = 1;
				GENERATE_INFOPLIST_FILE = YES;
				INFOPLIST_FILE = notes/Info.plist;
				INFOPLIST_KEY_CFBundleDisplayName = Notes;
				INFOPLIST_KEY_UIApplicationSupportsIndirectInputEvents = YES;
				INFOPLIST_KEY_UILaunchStoryboardName = LaunchScreen;
				INFOPLIST_KEY_UISupportedInterfaceOrientations_iPad = "UIInterfaceOrientationPortrait UIInterfaceOrientationPortraitUpsideDown UIInterfaceOrientationLandscapeLeft UIInterfaceOrientationLandscapeRight";
				INFOPLIST_KEY_UISupportedInterfaceOrientations_iPhone = "UIInterfaceOrientationPortrait UIInterfaceOrientationLandscapeLeft UIInterfaceOrientationLandscapeRight";
				LD_RUNPATH_SEARCH_PATHS = (
					"$(inherited)",
					"@executable_path/Frameworks",
				);
				MARKETING_VERSION = 1.0;
				PRODUCT_BUNDLE_IDENTIFIER = com.marybokhan.notes;
				PRODUCT_NAME = "$(TARGET_NAME)";
				SWIFT_EMIT_LOC_STRINGS = YES;
				SWIFT_VERSION = 5.0;
				TARGETED_DEVICE_FAMILY = "1,2";
			};
			name = Debug;
		};
		A159951B29128E9200A8604D /* Release */ = {
			isa = XCBuildConfiguration;
			buildSettings = {
				ASSETCATALOG_COMPILER_APPICON_NAME = AppIcon;
				ASSETCATALOG_COMPILER_GLOBAL_ACCENT_COLOR_NAME = AccentColor;
				CODE_SIGN_STYLE = Automatic;
				CURRENT_PROJECT_VERSION = 1;
				GENERATE_INFOPLIST_FILE = YES;
				INFOPLIST_FILE = notes/Info.plist;
				INFOPLIST_KEY_CFBundleDisplayName = Notes;
				INFOPLIST_KEY_UIApplicationSupportsIndirectInputEvents = YES;
				INFOPLIST_KEY_UILaunchStoryboardName = LaunchScreen;
				INFOPLIST_KEY_UISupportedInterfaceOrientations_iPad = "UIInterfaceOrientationPortrait UIInterfaceOrientationPortraitUpsideDown UIInterfaceOrientationLandscapeLeft UIInterfaceOrientationLandscapeRight";
				INFOPLIST_KEY_UISupportedInterfaceOrientations_iPhone = "UIInterfaceOrientationPortrait UIInterfaceOrientationLandscapeLeft UIInterfaceOrientationLandscapeRight";
				LD_RUNPATH_SEARCH_PATHS = (
					"$(inherited)",
					"@executable_path/Frameworks",
				);
				MARKETING_VERSION = 1.0;
				PRODUCT_BUNDLE_IDENTIFIER = com.marybokhan.notes;
				PRODUCT_NAME = "$(TARGET_NAME)";
				SWIFT_EMIT_LOC_STRINGS = YES;
				SWIFT_VERSION = 5.0;
				TARGETED_DEVICE_FAMILY = "1,2";
			};
			name = Release;
		};
/* End XCBuildConfiguration section */

/* Begin XCConfigurationList section */
		A15994FD29128E9100A8604D /* Build configuration list for PBXProject "notes" */ = {
			isa = XCConfigurationList;
			buildConfigurations = (
				A159951729128E9200A8604D /* Debug */,
				A159951829128E9200A8604D /* Release */,
			);
			defaultConfigurationIsVisible = 0;
			defaultConfigurationName = Release;
		};
		A159951929128E9200A8604D /* Build configuration list for PBXNativeTarget "notes" */ = {
			isa = XCConfigurationList;
			buildConfigurations = (
				A159951A29128E9200A8604D /* Debug */,
				A159951B29128E9200A8604D /* Release */,
			);
			defaultConfigurationIsVisible = 0;
			defaultConfigurationName = Release;
		};
/* End XCConfigurationList section */

/* Begin XCVersionGroup section */
		A159950E29128E9100A8604D /* notes.xcdatamodeld */ = {
			isa = XCVersionGroup;
			children = (
				A159950F29128E9100A8604D /* notes.xcdatamodel */,
			);
			currentVersion = A159950F29128E9100A8604D /* notes.xcdatamodel */;
			path = notes.xcdatamodeld;
			sourceTree = "<group>";
			versionGroupType = wrapper.xcdatamodel;
		};
/* End XCVersionGroup section */
	};
	rootObject = A15994FA29128E9100A8604D /* Project object */;
}
